
Microsoft Visual Studio Solution File, Format Version 11.00
# Visual Studio 2010
Project("{FAE04EC0-301F-11D3-BF4B-00C04F79EFBC}") = "Clase0130Capas", "Assembly-CSharp.csproj", "{573339D2-3F69-6019-97B3-4323E13CB8EC}"
EndProject
Global
	GlobalSection(SolutionConfigurationPlatforms) = preSolution
		Debug|Any CPU = Debug|Any CPU
		Release|Any CPU = Release|Any CPU
	EndGlobalSection
	GlobalSection(ProjectConfigurationPlatforms) = postSolution
		{573339D2-3F69-6019-97B3-4323E13CB8EC}.Debug|Any CPU.ActiveCfg = Debug|Any CPU
		{573339D2-3F69-6019-97B3-4323E13CB8EC}.Debug|Any CPU.Build.0 = Debug|Any CPU
		{573339D2-3F69-6019-97B3-4323E13CB8EC}.Release|Any CPU.ActiveCfg = Release|Any CPU
		{573339D2-3F69-6019-97B3-4323E13CB8EC}.Release|Any CPU.Build.0 = Release|Any CPU
	EndGlobalSection
	GlobalSection(SolutionProperties) = preSolution
		HideSolutionNode = FALSE
	EndGlobalSection
	GlobalSection(MonoDevelopProperties) = preSolution
		StartupItem = Assembly-CSharp.csproj
	EndGlobalSection
EndGlobal
